// !$*UTF8*$!
{
	archiveVersion = 1;
	classes = {
	};
	objectVersion = 56;
	objects = {

/* Begin PBXBuildFile section */
		5568808D2B62EE8600117E39 /* AppDelegate.swift in Sources */ = {isa = PBXBuildFile; fileRef = 5568808C2B62EE8600117E39 /* AppDelegate.swift */; };
		5568808F2B62EE8600117E39 /* SceneDelegate.swift in Sources */ = {isa = PBXBuildFile; fileRef = 5568808E2B62EE8600117E39 /* SceneDelegate.swift */; };
		556880912B62EE8600117E39 /* ViewController.swift in Sources */ = {isa = PBXBuildFile; fileRef = 556880902B62EE8600117E39 /* ViewController.swift */; };
		556880942B62EE8600117E39 /* Main.storyboard in Resources */ = {isa = PBXBuildFile; fileRef = 556880922B62EE8600117E39 /* Main.storyboard */; };
		556880972B62EE8600117E39 /* TestingApis.xcdatamodeld in Sources */ = {isa = PBXBuildFile; fileRef = 556880952B62EE8600117E39 /* TestingApis.xcdatamodeld */; };
		556880992B62EE8900117E39 /* Assets.xcassets in Resources */ = {isa = PBXBuildFile; fileRef = 556880982B62EE8900117E39 /* Assets.xcassets */; };
		5568809C2B62EE8900117E39 /* LaunchScreen.storyboard in Resources */ = {isa = PBXBuildFile; fileRef = 5568809A2B62EE8900117E39 /* LaunchScreen.storyboard */; };
		556880A72B62EE8A00117E39 /* TestingApisTests.swift in Sources */ = {isa = PBXBuildFile; fileRef = 556880A62B62EE8A00117E39 /* TestingApisTests.swift */; };
		556880B12B62EE8A00117E39 /* TestingApisUITests.swift in Sources */ = {isa = PBXBuildFile; fileRef = 556880B02B62EE8A00117E39 /* TestingApisUITests.swift */; };
		556880B32B62EE8A00117E39 /* TestingApisUITestsLaunchTests.swift in Sources */ = {isa = PBXBuildFile; fileRef = 556880B22B62EE8A00117E39 /* TestingApisUITestsLaunchTests.swift */; };
/* End PBXBuildFile section */

/* Begin PBXContainerItemProxy section */
		556880A32B62EE8A00117E39 /* PBXContainerItemProxy */ = {
			isa = PBXContainerItemProxy;
			containerPortal = 556880812B62EE8600117E39 /* Project object */;
			proxyType = 1;
			remoteGlobalIDString = 556880882B62EE8600117E39;
			remoteInfo = TestingApis;
		};
		556880AD2B62EE8A00117E39 /* PBXContainerItemProxy */ = {
			isa = PBXContainerItemProxy;
			containerPortal = 556880812B62EE8600117E39 /* Project object */;
			proxyType = 1;
			remoteGlobalIDString = 556880882B62EE8600117E39;
			remoteInfo = TestingApis;
		};
/* End PBXContainerItemProxy section */

/* Begin PBXFileReference section */
		556880892B62EE8600117E39 /* TestingApis.app */ = {isa = PBXFileReference; explicitFileType = wrapper.application; includeInIndex = 0; path = TestingApis.app; sourceTree = BUILT_PRODUCTS_DIR; };
		5568808C2B62EE8600117E39 /* AppDelegate.swift */ = {isa = PBXFileReference; lastKnownFileType = sourcecode.swift; path = AppDelegate.swift; sourceTree = "<group>"; };
		5568808E2B62EE8600117E39 /* SceneDelegate.swift */ = {isa = PBXFileReference; lastKnownFileType = sourcecode.swift; path = SceneDelegate.swift; sourceTree = "<group>"; };
		556880902B62EE8600117E39 /* ViewController.swift */ = {isa = PBXFileReference; lastKnownFileType = sourcecode.swift; path = ViewController.swift; sourceTree = "<group>"; };
		556880932B62EE8600117E39 /* Base */ = {isa = PBXFileReference; lastKnownFileType = file.storyboard; name = Base; path = Base.lproj/Main.storyboard; sourceTree = "<group>"; };
		556880962B62EE8600117E39 /* TestingApis.xcdatamodel */ = {isa = PBXFileReference; lastKnownFileType = wrapper.xcdatamodel; path = TestingApis.xcdatamodel; sourceTree = "<group>"; };
		556880982B62EE8900117E39 /* Assets.xcassets */ = {isa = PBXFileReference; lastKnownFileType = folder.assetcatalog; path = Assets.xcassets; sourceTree = "<group>"; };
		5568809B2B62EE8900117E39 /* Base */ = {isa = PBXFileReference; lastKnownFileType = file.storyboard; name = Base; path = Base.lproj/LaunchScreen.storyboard; sourceTree = "<group>"; };
		5568809D2B62EE8900117E39 /* Info.plist */ = {isa = PBXFileReference; lastKnownFileType = text.plist.xml; path = Info.plist; sourceTree = "<group>"; };
		556880A22B62EE8A00117E39 /* TestingApisTests.xctest */ = {isa = PBXFileReference; explicitFileType = wrapper.cfbundle; includeInIndex = 0; path = TestingApisTests.xctest; sourceTree = BUILT_PRODUCTS_DIR; };
		556880A62B62EE8A00117E39 /* TestingApisTests.swift */ = {isa = PBXFileReference; lastKnownFileType = sourcecode.swift; path = TestingApisTests.swift; sourceTree = "<group>"; };
		556880AC2B62EE8A00117E39 /* TestingApisUITests.xctest */ = {isa = PBXFileReference; explicitFileType = wrapper.cfbundle; includeInIndex = 0; path = TestingApisUITests.xctest; sourceTree = BUILT_PRODUCTS_DIR; };
		556880B02B62EE8A00117E39 /* TestingApisUITests.swift */ = {isa = PBXFileReference; lastKnownFileType = sourcecode.swift; path = TestingApisUITests.swift; sourceTree = "<group>"; };
		556880B22B62EE8A00117E39 /* TestingApisUITestsLaunchTests.swift */ = {isa = PBXFileReference; lastKnownFileType = sourcecode.swift; path = TestingApisUITestsLaunchTests.swift; sourceTree = "<group>"; };
/* End PBXFileReference section */

/* Begin PBXFrameworksBuildPhase section */
		556880862B62EE8600117E39 /* Frameworks */ = {
			isa = PBXFrameworksBuildPhase;
			buildActionMask = 2147483647;
			files = (
			);
			runOnlyForDeploymentPostprocessing = 0;
		};
		5568809F2B62EE8A00117E39 /* Frameworks */ = {
			isa = PBXFrameworksBuildPhase;
			buildActionMask = 2147483647;
			files = (
			);
			runOnlyForDeploymentPostprocessing = 0;
		};
		556880A92B62EE8A00117E39 /* Frameworks */ = {
			isa = PBXFrameworksBuildPhase;
			buildActionMask = 2147483647;
			files = (
			);
			runOnlyForDeploymentPostprocessing = 0;
		};
/* End PBXFrameworksBuildPhase section */

/* Begin PBXGroup section */
		556880802B62EE8600117E39 = {
			isa = PBXGroup;
			children = (
				5568808B2B62EE8600117E39 /* TestingApis */,
				556880A52B62EE8A00117E39 /* TestingApisTests */,
				556880AF2B62EE8A00117E39 /* TestingApisUITests */,
				5568808A2B62EE8600117E39 /* Products */,
			);
			sourceTree = "<group>";
		};
		5568808A2B62EE8600117E39 /* Products */ = {
			isa = PBXGroup;
			children = (
				556880892B62EE8600117E39 /* TestingApis.app */,
				556880A22B62EE8A00117E39 /* TestingApisTests.xctest */,
				556880AC2B62EE8A00117E39 /* TestingApisUITests.xctest */,
			);
			name = Products;
			sourceTree = "<group>";
		};
		5568808B2B62EE8600117E39 /* TestingApis */ = {
			isa = PBXGroup;
			children = (
				5568808C2B62EE8600117E39 /* AppDelegate.swift */,
				5568808E2B62EE8600117E39 /* SceneDelegate.swift */,
				556880902B62EE8600117E39 /* ViewController.swift */,
				556880922B62EE8600117E39 /* Main.storyboard */,
				556880982B62EE8900117E39 /* Assets.xcassets */,
				5568809A2B62EE8900117E39 /* LaunchScreen.storyboard */,
				5568809D2B62EE8900117E39 /* Info.plist */,
				556880952B62EE8600117E39 /* TestingApis.xcdatamodeld */,
			);
			path = TestingApis;
			sourceTree = "<group>";
		};
		556880A52B62EE8A00117E39 /* TestingApisTests */ = {
			isa = PBXGroup;
			children = (
				556880A62B62EE8A00117E39 /* TestingApisTests.swift */,
			);
			path = TestingApisTests;
			sourceTree = "<group>";
		};
		556880AF2B62EE8A00117E39 /* TestingApisUITests */ = {
			isa = PBXGroup;
			children = (
				556880B02B62EE8A00117E39 /* TestingApisUITests.swift */,
				556880B22B62EE8A00117E39 /* TestingApisUITestsLaunchTests.swift */,
			);
			path = TestingApisUITests;
			sourceTree = "<group>";
		};
/* End PBXGroup section */

/* Begin PBXNativeTarget section */
		556880882B62EE8600117E39 /* TestingApis */ = {
			isa = PBXNativeTarget;
			buildConfigurationList = 556880B62B62EE8A00117E39 /* Build configuration list for PBXNativeTarget "TestingApis" */;
			buildPhases = (
				556880852B62EE8600117E39 /* Sources */,
				556880862B62EE8600117E39 /* Frameworks */,
				556880872B62EE8600117E39 /* Resources */,
			);
			buildRules = (
			);
			dependencies = (
			);
			name = TestingApis;
			productName = TestingApis;
			productReference = 556880892B62EE8600117E39 /* TestingApis.app */;
			productType = "com.apple.product-type.application";
		};
		556880A12B62EE8A00117E39 /* TestingApisTests */ = {
			isa = PBXNativeTarget;
			buildConfigurationList = 556880B92B62EE8A00117E39 /* Build configuration list for PBXNativeTarget "TestingApisTests" */;
			buildPhases = (
				5568809E2B62EE8A00117E39 /* Sources */,
				5568809F2B62EE8A00117E39 /* Frameworks */,
				556880A02B62EE8A00117E39 /* Resources */,
			);
			buildRules = (
			);
			dependencies = (
				556880A42B62EE8A00117E39 /* PBXTargetDependency */,
			);
			name = TestingApisTests;
			productName = TestingApisTests;
			productReference = 556880A22B62EE8A00117E39 /* TestingApisTests.xctest */;
			productType = "com.apple.product-type.bundle.unit-test";
		};
		556880AB2B62EE8A00117E39 /* TestingApisUITests */ = {
			isa = PBXNativeTarget;
			buildConfigurationList = 556880BC2B62EE8A00117E39 /* Build configuration list for PBXNativeTarget "TestingApisUITests" */;
			buildPhases = (
				556880A82B62EE8A00117E39 /* Sources */,
				556880A92B62EE8A00117E39 /* Frameworks */,
				556880AA2B62EE8A00117E39 /* Resources */,
			);
			buildRules = (
			);
			dependencies = (
				556880AE2B62EE8A00117E39 /* PBXTargetDependency */,
			);
			name = TestingApisUITests;
			productName = TestingApisUITests;
			productReference = 556880AC2B62EE8A00117E39 /* TestingApisUITests.xctest */;
			productType = "com.apple.product-type.bundle.ui-testing";
		};
/* End PBXNativeTarget section */

/* Begin PBXProject section */
		556880812B62EE8600117E39 /* Project object */ = {
			isa = PBXProject;
			attributes = {
				BuildIndependentTargetsInParallel = 1;
				LastSwiftUpdateCheck = 1520;
				LastUpgradeCheck = 1520;
				TargetAttributes = {
					556880882B62EE8600117E39 = {
						CreatedOnToolsVersion = 15.2;
					};
					556880A12B62EE8A00117E39 = {
						CreatedOnToolsVersion = 15.2;
						TestTargetID = 556880882B62EE8600117E39;
					};
					556880AB2B62EE8A00117E39 = {
						CreatedOnToolsVersion = 15.2;
						TestTargetID = 556880882B62EE8600117E39;
					};
				};
			};
			buildConfigurationList = 556880842B62EE8600117E39 /* Build configuration list for PBXProject "TestingApis" */;
			compatibilityVersion = "Xcode 14.0";
			developmentRegion = en;
			hasScannedForEncodings = 0;
			knownRegions = (
				en,
				Base,
			);
			mainGroup = 556880802B62EE8600117E39;
			productRefGroup = 5568808A2B62EE8600117E39 /* Products */;
			projectDirPath = "";
			projectRoot = "";
			targets = (
				556880882B62EE8600117E39 /* TestingApis */,
				556880A12B62EE8A00117E39 /* TestingApisTests */,
				556880AB2B62EE8A00117E39 /* TestingApisUITests */,
			);
		};
/* End PBXProject section */

/* Begin PBXResourcesBuildPhase section */
		556880872B62EE8600117E39 /* Resources */ = {
			isa = PBXResourcesBuildPhase;
			buildActionMask = 2147483647;
			files = (
				5568809C2B62EE8900117E39 /* LaunchScreen.storyboard in Resources */,
				556880992B62EE8900117E39 /* Assets.xcassets in Resources */,
				556880942B62EE8600117E39 /* Main.storyboard in Resources */,
			);
			runOnlyForDeploymentPostprocessing = 0;
		};
		556880A02B62EE8A00117E39 /* Resources */ = {
			isa = PBXResourcesBuildPhase;
			buildActionMask = 2147483647;
			files = (
			);
			runOnlyForDeploymentPostprocessing = 0;
		};
		556880AA2B62EE8A00117E39 /* Resources */ = {
			isa = PBXResourcesBuildPhase;
			buildActionMask = 2147483647;
			files = (
			);
			runOnlyForDeploymentPostprocessing = 0;
		};
/* End PBXResourcesBuildPhase section */

/* Begin PBXSourcesBuildPhase section */
		556880852B62EE8600117E39 /* Sources */ = {
			isa = PBXSourcesBuildPhase;
			buildActionMask = 2147483647;
			files = (
				556880912B62EE8600117E39 /* ViewController.swift in Sources */,
				5568808D2B62EE8600117E39 /* AppDelegate.swift in Sources */,
				5568808F2B62EE8600117E39 /* SceneDelegate.swift in Sources */,
				556880972B62EE8600117E39 /* TestingApis.xcdatamodeld in Sources */,
			);
			runOnlyForDeploymentPostprocessing = 0;
		};
		5568809E2B62EE8A00117E39 /* Sources */ = {
			isa = PBXSourcesBuildPhase;
			buildActionMask = 2147483647;
			files = (
				556880A72B62EE8A00117E39 /* TestingApisTests.swift in Sources */,
			);
			runOnlyForDeploymentPostprocessing = 0;
		};
		556880A82B62EE8A00117E39 /* Sources */ = {
			isa = PBXSourcesBuildPhase;
			buildActionMask = 2147483647;
			files = (
				556880B32B62EE8A00117E39 /* TestingApisUITestsLaunchTests.swift in Sources */,
				556880B12B62EE8A00117E39 /* TestingApisUITests.swift in Sources */,
			);
			runOnlyForDeploymentPostprocessing = 0;
		};
/* End PBXSourcesBuildPhase section */

/* Begin PBXTargetDependency section */
		556880A42B62EE8A00117E39 /* PBXTargetDependency */ = {
			isa = PBXTargetDependency;
			target = 556880882B62EE8600117E39 /* TestingApis */;
			targetProxy = 556880A32B62EE8A00117E39 /* PBXContainerItemProxy */;
		};
		556880AE2B62EE8A00117E39 /* PBXTargetDependency */ = {
			isa = PBXTargetDependency;
			target = 556880882B62EE8600117E39 /* TestingApis */;
			targetProxy = 556880AD2B62EE8A00117E39 /* PBXContainerItemProxy */;
		};
/* End PBXTargetDependency section */

/* Begin PBXVariantGroup section */
		556880922B62EE8600117E39 /* Main.storyboard */ = {
			isa = PBXVariantGroup;
			children = (
				556880932B62EE8600117E39 /* Base */,
			);
			name = Main.storyboard;
			sourceTree = "<group>";
		};
		5568809A2B62EE8900117E39 /* LaunchScreen.storyboard */ = {
			isa = PBXVariantGroup;
			children = (
				5568809B2B62EE8900117E39 /* Base */,
			);
			name = LaunchScreen.storyboard;
			sourceTree = "<group>";
		};
/* End PBXVariantGroup section */

/* Begin XCBuildConfiguration section */
		556880B42B62EE8A00117E39 /* Debug */ = {
			isa = XCBuildConfiguration;
			buildSettings = {
				ALWAYS_SEARCH_USER_PATHS = NO;
				ASSETCATALOG_COMPILER_GENERATE_SWIFT_ASSET_SYMBOL_EXTENSIONS = YES;
				CLANG_ANALYZER_NONNULL = YES;
				CLANG_ANALYZER_NUMBER_OBJECT_CONVERSION = YES_AGGRESSIVE;
				CLANG_CXX_LANGUAGE_STANDARD = "gnu++20";
				CLANG_ENABLE_MODULES = YES;
				CLANG_ENABLE_OBJC_ARC = YES;
				CLANG_ENABLE_OBJC_WEAK = YES;
				CLANG_WARN_BLOCK_CAPTURE_AUTORELEASING = YES;
				CLANG_WARN_BOOL_CONVERSION = YES;
				CLANG_WARN_COMMA = YES;
				CLANG_WARN_CONSTANT_CONVERSION = YES;
				CLANG_WARN_DEPRECATED_OBJC_IMPLEMENTATIONS = YES;
				CLANG_WARN_DIRECT_OBJC_ISA_USAGE = YES_ERROR;
				CLANG_WARN_DOCUMENTATION_COMMENTS = YES;
				CLANG_WARN_EMPTY_BODY = YES;
				CLANG_WARN_ENUM_CONVERSION = YES;
				CLANG_WARN_INFINITE_RECURSION = YES;
				CLANG_WARN_INT_CONVERSION = YES;
				CLANG_WARN_NON_LITERAL_NULL_CONVERSION = YES;
				CLANG_WARN_OBJC_IMPLICIT_RETAIN_SELF = YES;
				CLANG_WARN_OBJC_LITERAL_CONVERSION = YES;
				CLANG_WARN_OBJC_ROOT_CLASS = YES_ERROR;
				CLANG_WARN_QUOTED_INCLUDE_IN_FRAMEWORK_HEADER = YES;
				CLANG_WARN_RANGE_LOOP_ANALYSIS = YES;
				CLANG_WARN_STRICT_PROTOTYPES = YES;
				CLANG_WARN_SUSPICIOUS_MOVE = YES;
				CLANG_WARN_UNGUARDED_AVAILABILITY = YES_AGGRESSIVE;
				CLANG_WARN_UNREACHABLE_CODE = YES;
				CLANG_WARN__DUPLICATE_METHOD_MATCH = YES;
				COPY_PHASE_STRIP = NO;
				DEBUG_INFORMATION_FORMAT = dwarf;
				ENABLE_STRICT_OBJC_MSGSEND = YES;
				ENABLE_TESTABILITY = YES;
				ENABLE_USER_SCRIPT_SANDBOXING = YES;
				GCC_C_LANGUAGE_STANDARD = gnu17;
				GCC_DYNAMIC_NO_PIC = NO;
				GCC_NO_COMMON_BLOCKS = YES;
				GCC_OPTIMIZATION_LEVEL = 0;
				GCC_PREPROCESSOR_DEFINITIONS = (
					"DEBUG=1",
					"$(inherited)",
				);
				GCC_WARN_64_TO_32_BIT_CONVERSION = YES;
				GCC_WARN_ABOUT_RETURN_TYPE = YES_ERROR;
				GCC_WARN_UNDECLARED_SELECTOR = YES;
				GCC_WARN_UNINITIALIZED_AUTOS = YES_AGGRESSIVE;
				GCC_WARN_UNUSED_FUNCTION = YES;
				GCC_WARN_UNUSED_VARIABLE = YES;
				IPHONEOS_DEPLOYMENT_TARGET = 17.2;
				LOCALIZATION_PREFERS_STRING_CATALOGS = YES;
				MTL_ENABLE_DEBUG_INFO = INCLUDE_SOURCE;
				MTL_FAST_MATH = YES;
				ONLY_ACTIVE_ARCH = YES;
				SDKROOT = iphoneos;
				SWIFT_ACTIVE_COMPILATION_CONDITIONS = "DEBUG $(inherited)";
				SWIFT_OPTIMIZATION_LEVEL = "-Onone";
			};
			name = Debug;
		};
		556880B52B62EE8A00117E39 /* Release */ = {
			isa = XCBuildConfiguration;
			buildSettings = {
				ALWAYS_SEARCH_USER_PATHS = NO;
				ASSETCATALOG_COMPILER_GENERATE_SWIFT_ASSET_SYMBOL_EXTENSIONS = YES;
				CLANG_ANALYZER_NONNULL = YES;
				CLANG_ANALYZER_NUMBER_OBJECT_CONVERSION = YES_AGGRESSIVE;
				CLANG_CXX_LANGUAGE_STANDARD = "gnu++20";
				CLANG_ENABLE_MODULES = YES;
				CLANG_ENABLE_OBJC_ARC = YES;
				CLANG_ENABLE_OBJC_WEAK = YES;
				CLANG_WARN_BLOCK_CAPTURE_AUTORELEASING = YES;
				CLANG_WARN_BOOL_CONVERSION = YES;
				CLANG_WARN_COMMA = YES;
				CLANG_WARN_CONSTANT_CONVERSION = YES;
				CLANG_WARN_DEPRECATED_OBJC_IMPLEMENTATIONS = YES;
				CLANG_WARN_DIRECT_OBJC_ISA_USAGE = YES_ERROR;
				CLANG_WARN_DOCUMENTATION_COMMENTS = YES;
				CLANG_WARN_EMPTY_BODY = YES;
				CLANG_WARN_ENUM_CONVERSION = YES;
				CLANG_WARN_INFINITE_RECURSION = YES;
				CLANG_WARN_INT_CONVERSION = YES;
				CLANG_WARN_NON_LITERAL_NULL_CONVERSION = YES;
				CLANG_WARN_OBJC_IMPLICIT_RETAIN_SELF = YES;
				CLANG_WARN_OBJC_LITERAL_CONVERSION = YES;
				CLANG_WARN_OBJC_ROOT_CLASS = YES_ERROR;
				CLANG_WARN_QUOTED_INCLUDE_IN_FRAMEWORK_HEADER = YES;
				CLANG_WARN_RANGE_LOOP_ANALYSIS = YES;
				CLANG_WARN_STRICT_PROTOTYPES = YES;
				CLANG_WARN_SUSPICIOUS_MOVE = YES;
				CLANG_WARN_UNGUARDED_AVAILABILITY = YES_AGGRESSIVE;
				CLANG_WARN_UNREACHABLE_CODE = YES;
				CLANG_WARN__DUPLICATE_METHOD_MATCH = YES;
				COPY_PHASE_STRIP = NO;
				DEBUG_INFORMATION_FORMAT = "dwarf-with-dsym";
				ENABLE_NS_ASSERTIONS = NO;
				ENABLE_STRICT_OBJC_MSGSEND = YES;
				ENABLE_USER_SCRIPT_SANDBOXING = YES;
				GCC_C_LANGUAGE_STANDARD = gnu17;
				GCC_NO_COMMON_BLOCKS = YES;
				GCC_WARN_64_TO_32_BIT_CONVERSION = YES;
				GCC_WARN_ABOUT_RETURN_TYPE = YES_ERROR;
				GCC_WARN_UNDECLARED_SELECTOR = YES;
				GCC_WARN_UNINITIALIZED_AUTOS = YES_AGGRESSIVE;
				GCC_WARN_UNUSED_FUNCTION = YES;
				GCC_WARN_UNUSED_VARIABLE = YES;
				IPHONEOS_DEPLOYMENT_TARGET = 17.2;
				LOCALIZATION_PREFERS_STRING_CATALOGS = YES;
				MTL_ENABLE_DEBUG_INFO = NO;
				MTL_FAST_MATH = YES;
				SDKROOT = iphoneos;
				SWIFT_COMPILATION_MODE = wholemodule;
				VALIDATE_PRODUCT = YES;
			};
			name = Release;
		};
		556880B72B62EE8A00117E39 /* Debug */ = {
			isa = XCBuildConfiguration;
			buildSettings = {
				ASSETCATALOG_COMPILER_APPICON_NAME = AppIcon;
				ASSETCATALOG_COMPILER_GLOBAL_ACCENT_COLOR_NAME = AccentColor;
				CODE_SIGN_STYLE = Automatic;
				CURRENT_PROJECT_VERSION = 1;
				DEVELOPMENT_TEAM = 538YK27G99;
				GENERATE_INFOPLIST_FILE = YES;
				INFOPLIST_FILE = TestingApis/Info.plist;
				INFOPLIST_KEY_UIApplicationSupportsIndirectInputEvents = YES;
				INFOPLIST_KEY_UILaunchStoryboardName = LaunchScreen;
				INFOPLIST_KEY_UIMainStoryboardFile = Main;
				INFOPLIST_KEY_UISupportedInterfaceOrientations_iPad = "UIInterfaceOrientationPortrait UIInterfaceOrientationPortraitUpsideDown UIInterfaceOrientationLandscapeLeft UIInterfaceOrientationLandscapeRight";
				INFOPLIST_KEY_UISupportedInterfaceOrientations_iPhone = "UIInterfaceOrientationPortrait UIInterfaceOrientationLandscapeLeft UIInterfaceOrientationLandscapeRight";
				LD_RUNPATH_SEARCH_PATHS = (
					"$(inherited)",
					"@executable_path/Frameworks",
				);
				MARKETING_VERSION = 1.0;
				PRODUCT_BUNDLE_IDENTIFIER = com.Alejandro.TestingApis;
				PRODUCT_NAME = "$(TARGET_NAME)";
				SWIFT_EMIT_LOC_STRINGS = YES;
				SWIFT_VERSION = 5.0;
				TARGETED_DEVICE_FAMILY = "1,2";
			};
			name = Debug;
		};
		556880B82B62EE8A00117E39 /* Release */ = {
			isa = XCBuildConfiguration;
			buildSettings = {
				ASSETCATALOG_COMPILER_APPICON_NAME = AppIcon;
				ASSETCATALOG_COMPILER_GLOBAL_ACCENT_COLOR_NAME = AccentColor;
				CODE_SIGN_STYLE = Automatic;
				CURRENT_PROJECT_VERSION = 1;
				DEVELOPMENT_TEAM = 538YK27G99;
				GENERATE_INFOPLIST_FILE = YES;
				INFOPLIST_FILE = TestingApis/Info.plist;
				INFOPLIST_KEY_UIApplicationSupportsIndirectInputEvents = YES;
				INFOPLIST_KEY_UILaunchStoryboardName = LaunchScreen;
				INFOPLIST_KEY_UIMainStoryboardFile = Main;
				INFOPLIST_KEY_UISupportedInterfaceOrientations_iPad = "UIInterfaceOrientationPortrait UIInterfaceOrientationPortraitUpsideDown UIInterfaceOrientationLandscapeLeft UIInterfaceOrientationLandscapeRight";
				INFOPLIST_KEY_UISupportedInterfaceOrientations_iPhone = "UIInterfaceOrientationPortrait UIInterfaceOrientationLandscapeLeft UIInterfaceOrientationLandscapeRight";
				LD_RUNPATH_SEARCH_PATHS = (
					"$(inherited)",
					"@executable_path/Frameworks",
				);
				MARKETING_VERSION = 1.0;
				PRODUCT_BUNDLE_IDENTIFIER = com.Alejandro.TestingApis;
				PRODUCT_NAME = "$(TARGET_NAME)";
				SWIFT_EMIT_LOC_STRINGS = YES;
				SWIFT_VERSION = 5.0;
				TARGETED_DEVICE_FAMILY = "1,2";
			};
			name = Release;
		};
		556880BA2B62EE8A00117E39 /* Debug */ = {
			isa = XCBuildConfiguration;
			buildSettings = {
				ALWAYS_EMBED_SWIFT_STANDARD_LIBRARIES = YES;
				BUNDLE_LOADER = "$(TEST_HOST)";
				CODE_SIGN_STYLE = Automatic;
				CURRENT_PROJECT_VERSION = 1;
				DEVELOPMENT_TEAM = 538YK27G99;
				GENERATE_INFOPLIST_FILE = YES;
				IPHONEOS_DEPLOYMENT_TARGET = 17.2;
				MARKETING_VERSION = 1.0;
				PRODUCT_BUNDLE_IDENTIFIER = com.Alejandro.TestingApisTests;
				PRODUCT_NAME = "$(TARGET_NAME)";
				SWIFT_EMIT_LOC_STRINGS = NO;
				SWIFT_VERSION = 5.0;
				TARGETED_DEVICE_FAMILY = "1,2";
				TEST_HOST = "$(BUILT_PRODUCTS_DIR)/TestingApis.app/$(BUNDLE_EXECUTABLE_FOLDER_PATH)/TestingApis";
			};
			name = Debug;
		};
		556880BB2B62EE8A00117E39 /* Release */ = {
			isa = XCBuildConfiguration;
			buildSettings = {
				ALWAYS_EMBED_SWIFT_STANDARD_LIBRARIES = YES;
				BUNDLE_LOADER = "$(TEST_HOST)";
				CODE_SIGN_STYLE = Automatic;
				CURRENT_PROJECT_VERSION = 1;
				DEVELOPMENT_TEAM = 538YK27G99;
				GENERATE_INFOPLIST_FILE = YES;
				IPHONEOS_DEPLOYMENT_TARGET = 17.2;
				MARKETING_VERSION = 1.0;
				PRODUCT_BUNDLE_IDENTIFIER = com.Alejandro.TestingApisTests;
				PRODUCT_NAME = "$(TARGET_NAME)";
				SWIFT_EMIT_LOC_STRINGS = NO;
				SWIFT_VERSION = 5.0;
				TARGETED_DEVICE_FAMILY = "1,2";
				TEST_HOST = "$(BUILT_PRODUCTS_DIR)/TestingApis.app/$(BUNDLE_EXECUTABLE_FOLDER_PATH)/TestingApis";
			};
			name = Release;
		};
		556880BD2B62EE8A00117E39 /* Debug */ = {
			isa = XCBuildConfiguration;
			buildSettings = {
				ALWAYS_EMBED_SWIFT_STANDARD_LIBRARIES = YES;
				CODE_SIGN_STYLE = Automatic;
				CURRENT_PROJECT_VERSION = 1;
				DEVELOPMENT_TEAM = 538YK27G99;
				GENERATE_INFOPLIST_FILE = YES;
				MARKETING_VERSION = 1.0;
				PRODUCT_BUNDLE_IDENTIFIER = com.Alejandro.TestingApisUITests;
				PRODUCT_NAME = "$(TARGET_NAME)";
				SWIFT_EMIT_LOC_STRINGS = NO;
				SWIFT_VERSION = 5.0;
				TARGETED_DEVICE_FAMILY = "1,2";
				TEST_TARGET_NAME = TestingApis;
			};
			name = Debug;
		};
		556880BE2B62EE8A00117E39 /* Release */ = {
			isa = XCBuildConfiguration;
			buildSettings = {
				ALWAYS_EMBED_SWIFT_STANDARD_LIBRARIES = YES;
				CODE_SIGN_STYLE = Automatic;
				CURRENT_PROJECT_VERSION = 1;
				DEVELOPMENT_TEAM = 538YK27G99;
				GENERATE_INFOPLIST_FILE = YES;
				MARKETING_VERSION = 1.0;
				PRODUCT_BUNDLE_IDENTIFIER = com.Alejandro.TestingApisUITests;
				PRODUCT_NAME = "$(TARGET_NAME)";
				SWIFT_EMIT_LOC_STRINGS = NO;
				SWIFT_VERSION = 5.0;
				TARGETED_DEVICE_FAMILY = "1,2";
				TEST_TARGET_NAME = TestingApis;
			};
			name = Release;
		};
/* End XCBuildConfiguration section */

/* Begin XCConfigurationList section */
		556880842B62EE8600117E39 /* Build configuration list for PBXProject "TestingApis" */ = {
			isa = XCConfigurationList;
			buildConfigurations = (
				556880B42B62EE8A00117E39 /* Debug */,
				556880B52B62EE8A00117E39 /* Release */,
			);
			defaultConfigurationIsVisible = 0;
			defaultConfigurationName = Release;
		};
		556880B62B62EE8A00117E39 /* Build configuration list for PBXNativeTarget "TestingApis" */ = {
			isa = XCConfigurationList;
			buildConfigurations = (
				556880B72B62EE8A00117E39 /* Debug */,
				556880B82B62EE8A00117E39 /* Release */,
			);
			defaultConfigurationIsVisible = 0;
			defaultConfigurationName = Release;
		};
		556880B92B62EE8A00117E39 /* Build configuration list for PBXNativeTarget "TestingApisTests" */ = {
			isa = XCConfigurationList;
			buildConfigurations = (
				556880BA2B62EE8A00117E39 /* Debug */,
				556880BB2B62EE8A00117E39 /* Release */,
			);
			defaultConfigurationIsVisible = 0;
			defaultConfigurationName = Release;
		};
		556880BC2B62EE8A00117E39 /* Build configuration list for PBXNativeTarget "TestingApisUITests" */ = {
			isa = XCConfigurationList;
			buildConfigurations = (
				556880BD2B62EE8A00117E39 /* Debug */,
				556880BE2B62EE8A00117E39 /* Release */,
			);
			defaultConfigurationIsVisible = 0;
			defaultConfigurationName = Release;
		};
/* End XCConfigurationList section */

/* Begin XCVersionGroup section */
		556880952B62EE8600117E39 /* TestingApis.xcdatamodeld */ = {
			isa = XCVersionGroup;
			children = (
				556880962B62EE8600117E39 /* TestingApis.xcdatamodel */,
			);
			currentVersion = 556880962B62EE8600117E39 /* TestingApis.xcdatamodel */;
			path = TestingApis.xcdatamodeld;
			sourceTree = "<group>";
			versionGroupType = wrapper.xcdatamodel;
		};
/* End XCVersionGroup section */
	};
	rootObject = 556880812B62EE8600117E39 /* Project object */;
}
